
Microsoft Visual Studio Solution File, Format Version 12.00
# Visual Studio 15
VisualStudioVersion = 15.0.27130.2010
MinimumVisualStudioVersion = 10.0.40219.1
Project("{FAE04EC0-301F-11D3-BF4B-00C04F79EFBC}") = "CrcMrc", "CrcMrc\CrcMrc.csproj", "{99C610E8-25E0-4055-B63C-F2F6AD9BE46D}"
EndProject
Project("{FAE04EC0-301F-11D3-BF4B-00C04F79EFBC}") = "KeyLogger", "KeyLogger\KeyLogger.csproj", "{F4452870-C2F6-4904-9C34-FAF0E8110F3D}"
EndProject
Project("{FAE04EC0-301F-11D3-BF4B-00C04F79EFBC}") = "ProcWindow", "ProcWindow\ProcWindow.csproj", "{DE9223B0-D0DB-4D8D-ACDF-FD1EFC39314A}"
EndProject
Global
	GlobalSection(SolutionConfigurationPlatforms) = preSolution
		Debug|Any CPU = Debug|Any CPU
		Release|Any CPU = Release|Any CPU
	EndGlobalSection
	GlobalSection(ProjectConfigurationPlatforms) = postSolution
		{99C610E8-25E0-4055-B63C-F2F6AD9BE46D}.Debug|Any CPU.ActiveCfg = Debug|Any CPU
		{99C610E8-25E0-4055-B63C-F2F6AD9BE46D}.Debug|Any CPU.Build.0 = Debug|Any CPU
		{99C610E8-25E0-4055-B63C-F2F6AD9BE46D}.Release|Any CPU.ActiveCfg = Release|Any CPU
		{99C610E8-25E0-4055-B63C-F2F6AD9BE46D}.Release|Any CPU.Build.0 = Release|Any CPU
		{F4452870-C2F6-4904-9C34-FAF0E8110F3D}.Debug|Any CPU.ActiveCfg = Debug|Any CPU
		{F4452870-C2F6-4904-9C34-FAF0E8110F3D}.Debug|Any CPU.Build.0 = Debug|Any CPU
		{F4452870-C2F6-4904-9C34-FAF0E8110F3D}.Release|Any CPU.ActiveCfg = Release|Any CPU
		{F4452870-C2F6-4904-9C34-FAF0E8110F3D}.Release|Any CPU.Build.0 = Release|Any CPU
		{DE9223B0-D0DB-4D8D-ACDF-FD1EFC39314A}.Debug|Any CPU.ActiveCfg = Debug|Any CPU
		{DE9223B0-D0DB-4D8D-ACDF-FD1EFC39314A}.Debug|Any CPU.Build.0 = Debug|Any CPU
		{DE9223B0-D0DB-4D8D-ACDF-FD1EFC39314A}.Release|Any CPU.ActiveCfg = Release|Any CPU
		{DE9223B0-D0DB-4D8D-ACDF-FD1EFC39314A}.Release|Any CPU.Build.0 = Release|Any CPU
	EndGlobalSection
	GlobalSection(SolutionProperties) = preSolution
		HideSolutionNode = FALSE
	EndGlobalSection
	GlobalSection(ExtensibilityGlobals) = postSolution
		SolutionGuid = {1DE068DC-1C9B-4DAB-8F02-DCCDC6989128}
	EndGlobalSection
EndGlobal
